# THIS IS AN AUTOGENERATED FILE. DO NOT EDIT THIS FILE DIRECTLY.
# yarn lockfile v1


gotrue-js@^0.9.29:
  version "0.9.29"
  resolved "https://registry.yarnpkg.com/gotrue-js/-/gotrue-js-0.9.29.tgz#08e62184d4eaadcd87f95cb6e49e3c4a9742a052"
  integrity sha512-NSFwJlFfWxHd1zHDitysbh+amFPHBAyQG1YmecZJTaSe8TlC7Wja1ewdUBikfJBblN3SqghS6aViMd+Q/pPzGQ==
  dependencies:
    micro-api-client "^3.2.1"

micro-api-client@^3.2.1:
  version "3.3.0"
  resolved "https://registry.yarnpkg.com/micro-api-client/-/micro-api-client-3.3.0.tgz#52dd567d322f10faffe63d19d4feeac4e4ffd215"
  integrity sha512-y0y6CUB9RLVsy3kfgayU28746QrNMpSm9O/AYGNsBgOkJr/X/Jk0VLGoO8Ude7Bpa8adywzF+MzXNZRFRsNPhg==
